
Microsoft Visual Studio Solution File, Format Version 11.00
# Visual Studio 2010
Project("{FAE04EC0-301F-11D3-BF4B-00C04F79EFBC}") = "SportsStore.Domain", "SportsStore.Domain\SportsStore.Domain.csproj", "{A5C78099-567A-45C3-8B0C-5370024DEF43}"
EndProject
Project("{FAE04EC0-301F-11D3-BF4B-00C04F79EFBC}") = "SportsStore.WebUI", "SportsStore.WebUI\SportsStore.WebUI.csproj", "{A1BA4A77-70CC-471C-A2EE-3A3228F260C5}"
EndProject
Project("{FAE04EC0-301F-11D3-BF4B-00C04F79EFBC}") = "SportsStore.UnitTests", "SportsStore.UnitTests\SportsStore.UnitTests.csproj", "{A4C14639-5311-4AE1-8275-6281C0B1F4EB}"
EndProject
Project("{2150E333-8FDC-42A3-9474-1A3956D46DE8}") = "Solution Items", "Solution Items", "{90D0AD49-3B91-41BE-AE08-D2B0D1BFE270}"
	ProjectSection(SolutionItems) = preProject
		Local.testsettings = Local.testsettings
		SportsStore.vsmdi = SportsStore.vsmdi
		TraceAndTestImpact.testsettings = TraceAndTestImpact.testsettings
	EndProjectSection
EndProject
Global
	GlobalSection(TestCaseManagementSettings) = postSolution
		CategoryFile = SportsStore.vsmdi
	EndGlobalSection
	GlobalSection(SolutionConfigurationPlatforms) = preSolution
		Debug|Any CPU = Debug|Any CPU
		Release|Any CPU = Release|Any CPU
	EndGlobalSection
	GlobalSection(ProjectConfigurationPlatforms) = postSolution
		{A5C78099-567A-45C3-8B0C-5370024DEF43}.Debug|Any CPU.ActiveCfg = Debug|Any CPU
		{A5C78099-567A-45C3-8B0C-5370024DEF43}.Debug|Any CPU.Build.0 = Debug|Any CPU
		{A5C78099-567A-45C3-8B0C-5370024DEF43}.Release|Any CPU.ActiveCfg = Release|Any CPU
		{A5C78099-567A-45C3-8B0C-5370024DEF43}.Release|Any CPU.Build.0 = Release|Any CPU
		{A1BA4A77-70CC-471C-A2EE-3A3228F260C5}.Debug|Any CPU.ActiveCfg = Debug|Any CPU
		{A1BA4A77-70CC-471C-A2EE-3A3228F260C5}.Debug|Any CPU.Build.0 = Debug|Any CPU
		{A1BA4A77-70CC-471C-A2EE-3A3228F260C5}.Release|Any CPU.ActiveCfg = Release|Any CPU
		{A1BA4A77-70CC-471C-A2EE-3A3228F260C5}.Release|Any CPU.Build.0 = Release|Any CPU
		{A4C14639-5311-4AE1-8275-6281C0B1F4EB}.Debug|Any CPU.ActiveCfg = Debug|Any CPU
		{A4C14639-5311-4AE1-8275-6281C0B1F4EB}.Debug|Any CPU.Build.0 = Debug|Any CPU
		{A4C14639-5311-4AE1-8275-6281C0B1F4EB}.Release|Any CPU.ActiveCfg = Release|Any CPU
		{A4C14639-5311-4AE1-8275-6281C0B1F4EB}.Release|Any CPU.Build.0 = Release|Any CPU
	EndGlobalSection
	GlobalSection(SolutionProperties) = preSolution
		HideSolutionNode = FALSE
	EndGlobalSection
EndGlobal
